
Microsoft Visual Studio Solution File, Format Version 12.00
# Visual Studio Version 16
VisualStudioVersion = 16.0.31911.196
MinimumVisualStudioVersion = 10.0.40219.1
Project("{9A19103F-16F7-4668-BE54-9A1E7A4F7556}") = "PlayGround", "PlayGround\PlayGround.csproj", "{9A86D460-6017-491F-9D98-924925E2A332}"
EndProject
Project("{9A19103F-16F7-4668-BE54-9A1E7A4F7556}") = "Common", "Common\Common.csproj", "{A2B990EC-E66A-4EDA-89DF-6DF7A05F308A}"
EndProject
Project("{FAE04EC0-301F-11D3-BF4B-00C04F79EFBC}") = "LearningAbstractClass", "LearningAbstractClass\LearningAbstractClass.csproj", "{0FD5C7CC-813E-44D2-96DE-A690FA776F58}"
EndProject
Global
	GlobalSection(SolutionConfigurationPlatforms) = preSolution
		Debug|Any CPU = Debug|Any CPU
		Release|Any CPU = Release|Any CPU
	EndGlobalSection
	GlobalSection(ProjectConfigurationPlatforms) = postSolution
		{9A86D460-6017-491F-9D98-924925E2A332}.Debug|Any CPU.ActiveCfg = Debug|Any CPU
		{9A86D460-6017-491F-9D98-924925E2A332}.Debug|Any CPU.Build.0 = Debug|Any CPU
		{9A86D460-6017-491F-9D98-924925E2A332}.Release|Any CPU.ActiveCfg = Release|Any CPU
		{9A86D460-6017-491F-9D98-924925E2A332}.Release|Any CPU.Build.0 = Release|Any CPU
		{A2B990EC-E66A-4EDA-89DF-6DF7A05F308A}.Debug|Any CPU.ActiveCfg = Debug|Any CPU
		{A2B990EC-E66A-4EDA-89DF-6DF7A05F308A}.Debug|Any CPU.Build.0 = Debug|Any CPU
		{A2B990EC-E66A-4EDA-89DF-6DF7A05F308A}.Release|Any CPU.ActiveCfg = Release|Any CPU
		{A2B990EC-E66A-4EDA-89DF-6DF7A05F308A}.Release|Any CPU.Build.0 = Release|Any CPU
		{0FD5C7CC-813E-44D2-96DE-A690FA776F58}.Debug|Any CPU.ActiveCfg = Debug|Any CPU
		{0FD5C7CC-813E-44D2-96DE-A690FA776F58}.Debug|Any CPU.Build.0 = Debug|Any CPU
		{0FD5C7CC-813E-44D2-96DE-A690FA776F58}.Release|Any CPU.ActiveCfg = Release|Any CPU
		{0FD5C7CC-813E-44D2-96DE-A690FA776F58}.Release|Any CPU.Build.0 = Release|Any CPU
	EndGlobalSection
	GlobalSection(SolutionProperties) = preSolution
		HideSolutionNode = FALSE
	EndGlobalSection
	GlobalSection(ExtensibilityGlobals) = postSolution
		SolutionGuid = {F8E62EFE-2D17-414E-B975-E7AA7ADEC00C}
	EndGlobalSection
EndGlobal
